
Microsoft Visual Studio Solution File, Format Version 12.00
# Visual Studio Version 17
VisualStudioVersion = 17.14.36301.6 d17.14
MinimumVisualStudioVersion = 10.0.40219.1
Project("{FAE04EC0-301F-11D3-BF4B-00C04F79EFBC}") = "PinchPayments.ElevatorApi", "PinchPayments.ElevatorApi\PinchPayments.ElevatorApi.csproj", "{612B86EE-5539-4FF4-97D1-5AAB314707A0}"
EndProject
Project("{FAE04EC0-301F-11D3-BF4B-00C04F79EFBC}") = "PinchPayments.ElevatorApi.Tests", "PinchPayments.ElevatorApi.Tests\PinchPayments.ElevatorApi.Tests.csproj", "{465114D7-FA99-43A1-8D80-BD23DA6A19A2}"
EndProject
Global
	GlobalSection(SolutionConfigurationPlatforms) = preSolution
		Debug|Any CPU = Debug|Any CPU
		Release|Any CPU = Release|Any CPU
	EndGlobalSection
	GlobalSection(ProjectConfigurationPlatforms) = postSolution
		{612B86EE-5539-4FF4-97D1-5AAB314707A0}.Debug|Any CPU.ActiveCfg = Debug|Any CPU
		{612B86EE-5539-4FF4-97D1-5AAB314707A0}.Debug|Any CPU.Build.0 = Debug|Any CPU
		{612B86EE-5539-4FF4-97D1-5AAB314707A0}.Release|Any CPU.ActiveCfg = Release|Any CPU
		{612B86EE-5539-4FF4-97D1-5AAB314707A0}.Release|Any CPU.Build.0 = Release|Any CPU
		{465114D7-FA99-43A1-8D80-BD23DA6A19A2}.Debug|Any CPU.ActiveCfg = Debug|Any CPU
		{465114D7-FA99-43A1-8D80-BD23DA6A19A2}.Debug|Any CPU.Build.0 = Debug|Any CPU
		{465114D7-FA99-43A1-8D80-BD23DA6A19A2}.Release|Any CPU.ActiveCfg = Release|Any CPU
		{465114D7-FA99-43A1-8D80-BD23DA6A19A2}.Release|Any CPU.Build.0 = Release|Any CPU
	EndGlobalSection
	GlobalSection(SolutionProperties) = preSolution
		HideSolutionNode = FALSE
	EndGlobalSection
	GlobalSection(ExtensibilityGlobals) = postSolution
		SolutionGuid = {2C05E998-800A-4ACA-B4E7-E0A9EAF92DBA}
	EndGlobalSection
EndGlobal
